
Microsoft Visual Studio Solution File, Format Version 12.00
# Visual Studio Version 17
VisualStudioVersion = 17.5.33530.505
MinimumVisualStudioVersion = 10.0.40219.1
Project("{FAE04EC0-301F-11D3-BF4B-00C04F79EFBC}") = "RNET102.UI", "RNET102.UI\RNET102.UI.csproj", "{A52B3B66-02F7-428F-B088-646DA702D544}"
EndProject
Global
	GlobalSection(SolutionConfigurationPlatforms) = preSolution
		Debug|Any CPU = Debug|Any CPU
		Release|Any CPU = Release|Any CPU
	EndGlobalSection
	GlobalSection(ProjectConfigurationPlatforms) = postSolution
		{A52B3B66-02F7-428F-B088-646DA702D544}.Debug|Any CPU.ActiveCfg = Debug|Any CPU
		{A52B3B66-02F7-428F-B088-646DA702D544}.Debug|Any CPU.Build.0 = Debug|Any CPU
		{A52B3B66-02F7-428F-B088-646DA702D544}.Release|Any CPU.ActiveCfg = Release|Any CPU
		{A52B3B66-02F7-428F-B088-646DA702D544}.Release|Any CPU.Build.0 = Release|Any CPU
	EndGlobalSection
	GlobalSection(SolutionProperties) = preSolution
		HideSolutionNode = FALSE
	EndGlobalSection
	GlobalSection(ExtensibilityGlobals) = postSolution
		SolutionGuid = {2E6BF21B-3960-4BB0-885A-B37B95F83288}
	EndGlobalSection
EndGlobal
